// !$*UTF8*$!
{
	archiveVersion = 1;
	classes = {
	};
	objectVersion = 55;
	objects = {

/* Begin PBXBuildFile section */
		0718A1DE285F247F00C9051D /* Randomize_Your_LifeApp.swift in Sources */ = {isa = PBXBuildFile; fileRef = 0718A1CE285F247B00C9051D /* Randomize_Your_LifeApp.swift */; };
		0718A1DF285F247F00C9051D /* Randomize_Your_LifeApp.swift in Sources */ = {isa = PBXBuildFile; fileRef = 0718A1CE285F247B00C9051D /* Randomize_Your_LifeApp.swift */; };
		0718A1E0285F247F00C9051D /* ContentView.swift in Sources */ = {isa = PBXBuildFile; fileRef = 0718A1CF285F247B00C9051D /* ContentView.swift */; };
		0718A1E1285F247F00C9051D /* ContentView.swift in Sources */ = {isa = PBXBuildFile; fileRef = 0718A1CF285F247B00C9051D /* ContentView.swift */; };
		0718A1E2285F247F00C9051D /* Assets.xcassets in Resources */ = {isa = PBXBuildFile; fileRef = 0718A1D0285F247E00C9051D /* Assets.xcassets */; };
		0718A1E3285F247F00C9051D /* Assets.xcassets in Resources */ = {isa = PBXBuildFile; fileRef = 0718A1D0285F247E00C9051D /* Assets.xcassets */; };
		0718A1ED285F270F00C9051D /* CategorySelector.swift in Sources */ = {isa = PBXBuildFile; fileRef = 0718A1EC285F270F00C9051D /* CategorySelector.swift */; };
		0718A1EE285F270F00C9051D /* CategorySelector.swift in Sources */ = {isa = PBXBuildFile; fileRef = 0718A1EC285F270F00C9051D /* CategorySelector.swift */; };
		0718A1F0285F33D900C9051D /* SettingsView.swift in Sources */ = {isa = PBXBuildFile; fileRef = 0718A1EF285F33D800C9051D /* SettingsView.swift */; };
		0718A1F1285F33D900C9051D /* SettingsView.swift in Sources */ = {isa = PBXBuildFile; fileRef = 0718A1EF285F33D800C9051D /* SettingsView.swift */; };
		07706D80285F556200D6A5B4 /* TargetView.swift in Sources */ = {isa = PBXBuildFile; fileRef = 07706D7F285F556200D6A5B4 /* TargetView.swift */; };
		07706D81285F556200D6A5B4 /* TargetView.swift in Sources */ = {isa = PBXBuildFile; fileRef = 07706D7F285F556200D6A5B4 /* TargetView.swift */; };
		07706D83285F55C400D6A5B4 /* TargetSelector.swift in Sources */ = {isa = PBXBuildFile; fileRef = 07706D82285F55C400D6A5B4 /* TargetSelector.swift */; };
		07706D84285F55C400D6A5B4 /* TargetSelector.swift in Sources */ = {isa = PBXBuildFile; fileRef = 07706D82285F55C400D6A5B4 /* TargetSelector.swift */; };
		509BCD5DED7D05C3567B7777 /* Pods_Randomize_Your_Life__macOS_.framework in Frameworks */ = {isa = PBXBuildFile; fileRef = E5FF2B04CFFD63BA8F426D65 /* Pods_Randomize_Your_Life__macOS_.framework */; };
		BB123C08064EB7AB5DF9A7FC /* Pods_Randomize_Your_Life__iOS_.framework in Frameworks */ = {isa = PBXBuildFile; fileRef = 07400C67E0762E0A3D3A16D1 /* Pods_Randomize_Your_Life__iOS_.framework */; };
/* End PBXBuildFile section */

/* Begin PBXFileReference section */
		0718A1CE285F247B00C9051D /* Randomize_Your_LifeApp.swift */ = {isa = PBXFileReference; lastKnownFileType = sourcecode.swift; path = Randomize_Your_LifeApp.swift; sourceTree = "<group>"; };
		0718A1CF285F247B00C9051D /* ContentView.swift */ = {isa = PBXFileReference; lastKnownFileType = sourcecode.swift; path = ContentView.swift; sourceTree = "<group>"; };
		0718A1D0285F247E00C9051D /* Assets.xcassets */ = {isa = PBXFileReference; lastKnownFileType = folder.assetcatalog; path = Assets.xcassets; sourceTree = "<group>"; };
		0718A1D5285F247F00C9051D /* Randomize Your Life.app */ = {isa = PBXFileReference; explicitFileType = wrapper.application; includeInIndex = 0; path = "Randomize Your Life.app"; sourceTree = BUILT_PRODUCTS_DIR; };
		0718A1DB285F247F00C9051D /* Randomize Your Life.app */ = {isa = PBXFileReference; explicitFileType = wrapper.application; includeInIndex = 0; path = "Randomize Your Life.app"; sourceTree = BUILT_PRODUCTS_DIR; };
		0718A1DD285F247F00C9051D /* macOS.entitlements */ = {isa = PBXFileReference; lastKnownFileType = text.plist.entitlements; path = macOS.entitlements; sourceTree = "<group>"; };
		0718A1EC285F270F00C9051D /* CategorySelector.swift */ = {isa = PBXFileReference; lastKnownFileType = sourcecode.swift; path = CategorySelector.swift; sourceTree = "<group>"; };
		0718A1EF285F33D800C9051D /* SettingsView.swift */ = {isa = PBXFileReference; lastKnownFileType = sourcecode.swift; path = SettingsView.swift; sourceTree = "<group>"; };
		0718A1F3285F3D7B00C9051D /* MapKit.framework */ = {isa = PBXFileReference; lastKnownFileType = wrapper.framework; name = MapKit.framework; path = Platforms/iPhoneOS.platform/Developer/SDKs/iPhoneOS15.5.sdk/System/Library/Frameworks/MapKit.framework; sourceTree = DEVELOPER_DIR; };
		0718A1F5285F3D8200C9051D /* Randomize-Your-Life--iOS--Info.plist */ = {isa = PBXFileReference; lastKnownFileType = text.plist; path = "Randomize-Your-Life--iOS--Info.plist"; sourceTree = "<group>"; };
		07400C67E0762E0A3D3A16D1 /* Pods_Randomize_Your_Life__iOS_.framework */ = {isa = PBXFileReference; explicitFileType = wrapper.framework; includeInIndex = 0; path = Pods_Randomize_Your_Life__iOS_.framework; sourceTree = BUILT_PRODUCTS_DIR; };
		07706D7F285F556200D6A5B4 /* TargetView.swift */ = {isa = PBXFileReference; lastKnownFileType = sourcecode.swift; path = TargetView.swift; sourceTree = "<group>"; };
		07706D82285F55C400D6A5B4 /* TargetSelector.swift */ = {isa = PBXFileReference; lastKnownFileType = sourcecode.swift; path = TargetSelector.swift; sourceTree = "<group>"; };
		554C0ACBC87D999203E44D7F /* Pods-Randomize Your Life (iOS).debug.xcconfig */ = {isa = PBXFileReference; includeInIndex = 1; lastKnownFileType = text.xcconfig; name = "Pods-Randomize Your Life (iOS).debug.xcconfig"; path = "Target Support Files/Pods-Randomize Your Life (iOS)/Pods-Randomize Your Life (iOS).debug.xcconfig"; sourceTree = "<group>"; };
		5FEE07117831962F567AFF63 /* Pods-Randomize Your Life (macOS).debug.xcconfig */ = {isa = PBXFileReference; includeInIndex = 1; lastKnownFileType = text.xcconfig; name = "Pods-Randomize Your Life (macOS).debug.xcconfig"; path = "Target Support Files/Pods-Randomize Your Life (macOS)/Pods-Randomize Your Life (macOS).debug.xcconfig"; sourceTree = "<group>"; };
		7B699D55025C7705CAA41350 /* Pods-Randomize Your Life (iOS).release.xcconfig */ = {isa = PBXFileReference; includeInIndex = 1; lastKnownFileType = text.xcconfig; name = "Pods-Randomize Your Life (iOS).release.xcconfig"; path = "Target Support Files/Pods-Randomize Your Life (iOS)/Pods-Randomize Your Life (iOS).release.xcconfig"; sourceTree = "<group>"; };
		9CC86944746BE3B6A7CCC134 /* Pods-Randomize Your Life (macOS).release.xcconfig */ = {isa = PBXFileReference; includeInIndex = 1; lastKnownFileType = text.xcconfig; name = "Pods-Randomize Your Life (macOS).release.xcconfig"; path = "Target Support Files/Pods-Randomize Your Life (macOS)/Pods-Randomize Your Life (macOS).release.xcconfig"; sourceTree = "<group>"; };
		E5FF2B04CFFD63BA8F426D65 /* Pods_Randomize_Your_Life__macOS_.framework */ = {isa = PBXFileReference; explicitFileType = wrapper.framework; includeInIndex = 0; path = Pods_Randomize_Your_Life__macOS_.framework; sourceTree = BUILT_PRODUCTS_DIR; };
/* End PBXFileReference section */

/* Begin PBXFrameworksBuildPhase section */
		0718A1D2285F247F00C9051D /* Frameworks */ = {
			isa = PBXFrameworksBuildPhase;
			buildActionMask = 2147483647;
			files = (
				BB123C08064EB7AB5DF9A7FC /* Pods_Randomize_Your_Life__iOS_.framework in Frameworks */,
			);
			runOnlyForDeploymentPostprocessing = 0;
		};
		0718A1D8285F247F00C9051D /* Frameworks */ = {
			isa = PBXFrameworksBuildPhase;
			buildActionMask = 2147483647;
			files = (
				509BCD5DED7D05C3567B7777 /* Pods_Randomize_Your_Life__macOS_.framework in Frameworks */,
			);
			runOnlyForDeploymentPostprocessing = 0;
		};
/* End PBXFrameworksBuildPhase section */

/* Begin PBXGroup section */
		0718A1C8285F247A00C9051D = {
			isa = PBXGroup;
			children = (
				0718A1F5285F3D8200C9051D /* Randomize-Your-Life--iOS--Info.plist */,
				0718A1CD285F247B00C9051D /* Shared */,
				0718A1DC285F247F00C9051D /* macOS */,
				0718A1D6285F247F00C9051D /* Products */,
				0718A1F2285F3D7B00C9051D /* Frameworks */,
				80E6FE3A86141430F27E4FBD /* Pods */,
			);
			sourceTree = "<group>";
		};
		0718A1CD285F247B00C9051D /* Shared */ = {
			isa = PBXGroup;
			children = (
				0718A1CE285F247B00C9051D /* Randomize_Your_LifeApp.swift */,
				0718A1CF285F247B00C9051D /* ContentView.swift */,
				0718A1EC285F270F00C9051D /* CategorySelector.swift */,
				0718A1EF285F33D800C9051D /* SettingsView.swift */,
				07706D7F285F556200D6A5B4 /* TargetView.swift */,
				07706D82285F55C400D6A5B4 /* TargetSelector.swift */,
				0718A1D0285F247E00C9051D /* Assets.xcassets */,
			);
			path = Shared;
			sourceTree = "<group>";
		};
		0718A1D6285F247F00C9051D /* Products */ = {
			isa = PBXGroup;
			children = (
				0718A1D5285F247F00C9051D /* Randomize Your Life.app */,
				0718A1DB285F247F00C9051D /* Randomize Your Life.app */,
			);
			name = Products;
			sourceTree = "<group>";
		};
		0718A1DC285F247F00C9051D /* macOS */ = {
			isa = PBXGroup;
			children = (
				0718A1DD285F247F00C9051D /* macOS.entitlements */,
			);
			path = macOS;
			sourceTree = "<group>";
		};
		0718A1F2285F3D7B00C9051D /* Frameworks */ = {
			isa = PBXGroup;
			children = (
				0718A1F3285F3D7B00C9051D /* MapKit.framework */,
				07400C67E0762E0A3D3A16D1 /* Pods_Randomize_Your_Life__iOS_.framework */,
				E5FF2B04CFFD63BA8F426D65 /* Pods_Randomize_Your_Life__macOS_.framework */,
			);
			name = Frameworks;
			sourceTree = "<group>";
		};
		80E6FE3A86141430F27E4FBD /* Pods */ = {
			isa = PBXGroup;
			children = (
				554C0ACBC87D999203E44D7F /* Pods-Randomize Your Life (iOS).debug.xcconfig */,
				7B699D55025C7705CAA41350 /* Pods-Randomize Your Life (iOS).release.xcconfig */,
				5FEE07117831962F567AFF63 /* Pods-Randomize Your Life (macOS).debug.xcconfig */,
				9CC86944746BE3B6A7CCC134 /* Pods-Randomize Your Life (macOS).release.xcconfig */,
			);
			path = Pods;
			sourceTree = "<group>";
		};
/* End PBXGroup section */

/* Begin PBXNativeTarget section */
		0718A1D4285F247F00C9051D /* Randomize Your Life (iOS) */ = {
			isa = PBXNativeTarget;
			buildConfigurationList = 0718A1E6285F247F00C9051D /* Build configuration list for PBXNativeTarget "Randomize Your Life (iOS)" */;
			buildPhases = (
				773E501D0E755C859EC5906E /* [CP] Check Pods Manifest.lock */,
				0718A1D1285F247F00C9051D /* Sources */,
				0718A1D2285F247F00C9051D /* Frameworks */,
				0718A1D3285F247F00C9051D /* Resources */,
				3EBFC580D11CCDEE240E77AF /* [CP] Embed Pods Frameworks */,
			);
			buildRules = (
			);
			dependencies = (
			);
			name = "Randomize Your Life (iOS)";
			productName = "Randomize Your Life (iOS)";
			productReference = 0718A1D5285F247F00C9051D /* Randomize Your Life.app */;
			productType = "com.apple.product-type.application";
		};
		0718A1DA285F247F00C9051D /* Randomize Your Life (macOS) */ = {
			isa = PBXNativeTarget;
			buildConfigurationList = 0718A1E9285F247F00C9051D /* Build configuration list for PBXNativeTarget "Randomize Your Life (macOS)" */;
			buildPhases = (
				F1947485C23BFC90ADA289BC /* [CP] Check Pods Manifest.lock */,
				0718A1D7285F247F00C9051D /* Sources */,
				0718A1D8285F247F00C9051D /* Frameworks */,
				0718A1D9285F247F00C9051D /* Resources */,
			);
			buildRules = (
			);
			dependencies = (
			);
			name = "Randomize Your Life (macOS)";
			productName = "Randomize Your Life (macOS)";
			productReference = 0718A1DB285F247F00C9051D /* Randomize Your Life.app */;
			productType = "com.apple.product-type.application";
		};
/* End PBXNativeTarget section */

/* Begin PBXProject section */
		0718A1C9285F247A00C9051D /* Project object */ = {
			isa = PBXProject;
			attributes = {
				BuildIndependentTargetsInParallel = 1;
				LastSwiftUpdateCheck = 1340;
				LastUpgradeCheck = 1340;
				TargetAttributes = {
					0718A1D4285F247F00C9051D = {
						CreatedOnToolsVersion = 13.4.1;
					};
					0718A1DA285F247F00C9051D = {
						CreatedOnToolsVersion = 13.4.1;
					};
				};
			};
			buildConfigurationList = 0718A1CC285F247A00C9051D /* Build configuration list for PBXProject "Randomize Your Life" */;
			compatibilityVersion = "Xcode 13.0";
			developmentRegion = en;
			hasScannedForEncodings = 0;
			knownRegions = (
				en,
				Base,
			);
			mainGroup = 0718A1C8285F247A00C9051D;
			productRefGroup = 0718A1D6285F247F00C9051D /* Products */;
			projectDirPath = "";
			projectRoot = "";
			targets = (
				0718A1D4285F247F00C9051D /* Randomize Your Life (iOS) */,
				0718A1DA285F247F00C9051D /* Randomize Your Life (macOS) */,
			);
		};
/* End PBXProject section */

/* Begin PBXResourcesBuildPhase section */
		0718A1D3285F247F00C9051D /* Resources */ = {
			isa = PBXResourcesBuildPhase;
			buildActionMask = 2147483647;
			files = (
				0718A1E2285F247F00C9051D /* Assets.xcassets in Resources */,
			);
			runOnlyForDeploymentPostprocessing = 0;
		};
		0718A1D9285F247F00C9051D /* Resources */ = {
			isa = PBXResourcesBuildPhase;
			buildActionMask = 2147483647;
			files = (
				0718A1E3285F247F00C9051D /* Assets.xcassets in Resources */,
			);
			runOnlyForDeploymentPostprocessing = 0;
		};
/* End PBXResourcesBuildPhase section */

/* Begin PBXShellScriptBuildPhase section */
		3EBFC580D11CCDEE240E77AF /* [CP] Embed Pods Frameworks */ = {
			isa = PBXShellScriptBuildPhase;
			buildActionMask = 2147483647;
			files = (
			);
			inputFileListPaths = (
				"${PODS_ROOT}/Target Support Files/Pods-Randomize Your Life (iOS)/Pods-Randomize Your Life (iOS)-frameworks-${CONFIGURATION}-input-files.xcfilelist",
			);
			name = "[CP] Embed Pods Frameworks";
			outputFileListPaths = (
				"${PODS_ROOT}/Target Support Files/Pods-Randomize Your Life (iOS)/Pods-Randomize Your Life (iOS)-frameworks-${CONFIGURATION}-output-files.xcfilelist",
			);
			runOnlyForDeploymentPostprocessing = 0;
			shellPath = /bin/sh;
			shellScript = "\"${PODS_ROOT}/Target Support Files/Pods-Randomize Your Life (iOS)/Pods-Randomize Your Life (iOS)-frameworks.sh\"\n";
			showEnvVarsInLog = 0;
		};
		773E501D0E755C859EC5906E /* [CP] Check Pods Manifest.lock */ = {
			isa = PBXShellScriptBuildPhase;
			buildActionMask = 2147483647;
			files = (
			);
			inputFileListPaths = (
			);
			inputPaths = (
				"${PODS_PODFILE_DIR_PATH}/Podfile.lock",
				"${PODS_ROOT}/Manifest.lock",
			);
			name = "[CP] Check Pods Manifest.lock";
			outputFileListPaths = (
			);
			outputPaths = (
				"$(DERIVED_FILE_DIR)/Pods-Randomize Your Life (iOS)-checkManifestLockResult.txt",
			);
			runOnlyForDeploymentPostprocessing = 0;
			shellPath = /bin/sh;
			shellScript = "diff \"${PODS_PODFILE_DIR_PATH}/Podfile.lock\" \"${PODS_ROOT}/Manifest.lock\" > /dev/null\nif [ $? != 0 ] ; then\n    # print error to STDERR\n    echo \"error: The sandbox is not in sync with the Podfile.lock. Run 'pod install' or update your CocoaPods installation.\" >&2\n    exit 1\nfi\n# This output is used by Xcode 'outputs' to avoid re-running this script phase.\necho \"SUCCESS\" > \"${SCRIPT_OUTPUT_FILE_0}\"\n";
			showEnvVarsInLog = 0;
		};
		F1947485C23BFC90ADA289BC /* [CP] Check Pods Manifest.lock */ = {
			isa = PBXShellScriptBuildPhase;
			buildActionMask = 2147483647;
			files = (
			);
			inputFileListPaths = (
			);
			inputPaths = (
				"${PODS_PODFILE_DIR_PATH}/Podfile.lock",
				"${PODS_ROOT}/Manifest.lock",
			);
			name = "[CP] Check Pods Manifest.lock";
			outputFileListPaths = (
			);
			outputPaths = (
				"$(DERIVED_FILE_DIR)/Pods-Randomize Your Life (macOS)-checkManifestLockResult.txt",
			);
			runOnlyForDeploymentPostprocessing = 0;
			shellPath = /bin/sh;
			shellScript = "diff \"${PODS_PODFILE_DIR_PATH}/Podfile.lock\" \"${PODS_ROOT}/Manifest.lock\" > /dev/null\nif [ $? != 0 ] ; then\n    # print error to STDERR\n    echo \"error: The sandbox is not in sync with the Podfile.lock. Run 'pod install' or update your CocoaPods installation.\" >&2\n    exit 1\nfi\n# This output is used by Xcode 'outputs' to avoid re-running this script phase.\necho \"SUCCESS\" > \"${SCRIPT_OUTPUT_FILE_0}\"\n";
			showEnvVarsInLog = 0;
		};
/* End PBXShellScriptBuildPhase section */

/* Begin PBXSourcesBuildPhase section */
		0718A1D1285F247F00C9051D /* Sources */ = {
			isa = PBXSourcesBuildPhase;
			buildActionMask = 2147483647;
			files = (
				0718A1ED285F270F00C9051D /* CategorySelector.swift in Sources */,
				0718A1F0285F33D900C9051D /* SettingsView.swift in Sources */,
				0718A1E0285F247F00C9051D /* ContentView.swift in Sources */,
				0718A1DE285F247F00C9051D /* Randomize_Your_LifeApp.swift in Sources */,
				07706D80285F556200D6A5B4 /* TargetView.swift in Sources */,
				07706D83285F55C400D6A5B4 /* TargetSelector.swift in Sources */,
			);
			runOnlyForDeploymentPostprocessing = 0;
		};
		0718A1D7285F247F00C9051D /* Sources */ = {
			isa = PBXSourcesBuildPhase;
			buildActionMask = 2147483647;
			files = (
				0718A1EE285F270F00C9051D /* CategorySelector.swift in Sources */,
				0718A1F1285F33D900C9051D /* SettingsView.swift in Sources */,
				0718A1E1285F247F00C9051D /* ContentView.swift in Sources */,
				0718A1DF285F247F00C9051D /* Randomize_Your_LifeApp.swift in Sources */,
				07706D81285F556200D6A5B4 /* TargetView.swift in Sources */,
				07706D84285F55C400D6A5B4 /* TargetSelector.swift in Sources */,
			);
			runOnlyForDeploymentPostprocessing = 0;
		};
/* End PBXSourcesBuildPhase section */

/* Begin XCBuildConfiguration section */
		0718A1E4285F247F00C9051D /* Debug */ = {
			isa = XCBuildConfiguration;
			buildSettings = {
				ALWAYS_SEARCH_USER_PATHS = NO;
				CLANG_ANALYZER_NONNULL = YES;
				CLANG_ANALYZER_NUMBER_OBJECT_CONVERSION = YES_AGGRESSIVE;
				CLANG_CXX_LANGUAGE_STANDARD = "gnu++17";
				CLANG_ENABLE_MODULES = YES;
				CLANG_ENABLE_OBJC_ARC = YES;
				CLANG_ENABLE_OBJC_WEAK = YES;
				CLANG_WARN_BLOCK_CAPTURE_AUTORELEASING = YES;
				CLANG_WARN_BOOL_CONVERSION = YES;
				CLANG_WARN_COMMA = YES;
				CLANG_WARN_CONSTANT_CONVERSION = YES;
				CLANG_WARN_DEPRECATED_OBJC_IMPLEMENTATIONS = YES;
				CLANG_WARN_DIRECT_OBJC_ISA_USAGE = YES_ERROR;
				CLANG_WARN_DOCUMENTATION_COMMENTS = YES;
				CLANG_WARN_EMPTY_BODY = YES;
				CLANG_WARN_ENUM_CONVERSION = YES;
				CLANG_WARN_INFINITE_RECURSION = YES;
				CLANG_WARN_INT_CONVERSION = YES;
				CLANG_WARN_NON_LITERAL_NULL_CONVERSION = YES;
				CLANG_WARN_OBJC_IMPLICIT_RETAIN_SELF = YES;
				CLANG_WARN_OBJC_LITERAL_CONVERSION = YES;
				CLANG_WARN_OBJC_ROOT_CLASS = YES_ERROR;
				CLANG_WARN_QUOTED_INCLUDE_IN_FRAMEWORK_HEADER = YES;
				CLANG_WARN_RANGE_LOOP_ANALYSIS = YES;
				CLANG_WARN_STRICT_PROTOTYPES = YES;
				CLANG_WARN_SUSPICIOUS_MOVE = YES;
				CLANG_WARN_UNGUARDED_AVAILABILITY = YES_AGGRESSIVE;
				CLANG_WARN_UNREACHABLE_CODE = YES;
				CLANG_WARN__DUPLICATE_METHOD_MATCH = YES;
				COPY_PHASE_STRIP = NO;
				DEBUG_INFORMATION_FORMAT = dwarf;
				ENABLE_STRICT_OBJC_MSGSEND = YES;
				ENABLE_TESTABILITY = YES;
				GCC_C_LANGUAGE_STANDARD = gnu11;
				GCC_DYNAMIC_NO_PIC = NO;
				GCC_NO_COMMON_BLOCKS = YES;
				GCC_OPTIMIZATION_LEVEL = 0;
				GCC_PREPROCESSOR_DEFINITIONS = (
					"DEBUG=1",
					"$(inherited)",
				);
				GCC_WARN_64_TO_32_BIT_CONVERSION = YES;
				GCC_WARN_ABOUT_RETURN_TYPE = YES_ERROR;
				GCC_WARN_UNDECLARED_SELECTOR = YES;
				GCC_WARN_UNINITIALIZED_AUTOS = YES_AGGRESSIVE;
				GCC_WARN_UNUSED_FUNCTION = YES;
				GCC_WARN_UNUSED_VARIABLE = YES;
				MTL_ENABLE_DEBUG_INFO = INCLUDE_SOURCE;
				MTL_FAST_MATH = YES;
				ONLY_ACTIVE_ARCH = YES;
				SWIFT_ACTIVE_COMPILATION_CONDITIONS = DEBUG;
				SWIFT_OPTIMIZATION_LEVEL = "-Onone";
			};
			name = Debug;
		};
		0718A1E5285F247F00C9051D /* Release */ = {
			isa = XCBuildConfiguration;
			buildSettings = {
				ALWAYS_SEARCH_USER_PATHS = NO;
				CLANG_ANALYZER_NONNULL = YES;
				CLANG_ANALYZER_NUMBER_OBJECT_CONVERSION = YES_AGGRESSIVE;
				CLANG_CXX_LANGUAGE_STANDARD = "gnu++17";
				CLANG_ENABLE_MODULES = YES;
				CLANG_ENABLE_OBJC_ARC = YES;
				CLANG_ENABLE_OBJC_WEAK = YES;
				CLANG_WARN_BLOCK_CAPTURE_AUTORELEASING = YES;
				CLANG_WARN_BOOL_CONVERSION = YES;
				CLANG_WARN_COMMA = YES;
				CLANG_WARN_CONSTANT_CONVERSION = YES;
				CLANG_WARN_DEPRECATED_OBJC_IMPLEMENTATIONS = YES;
				CLANG_WARN_DIRECT_OBJC_ISA_USAGE = YES_ERROR;
				CLANG_WARN_DOCUMENTATION_COMMENTS = YES;
				CLANG_WARN_EMPTY_BODY = YES;
				CLANG_WARN_ENUM_CONVERSION = YES;
				CLANG_WARN_INFINITE_RECURSION = YES;
				CLANG_WARN_INT_CONVERSION = YES;
				CLANG_WARN_NON_LITERAL_NULL_CONVERSION = YES;
				CLANG_WARN_OBJC_IMPLICIT_RETAIN_SELF = YES;
				CLANG_WARN_OBJC_LITERAL_CONVERSION = YES;
				CLANG_WARN_OBJC_ROOT_CLASS = YES_ERROR;
				CLANG_WARN_QUOTED_INCLUDE_IN_FRAMEWORK_HEADER = YES;
				CLANG_WARN_RANGE_LOOP_ANALYSIS = YES;
				CLANG_WARN_STRICT_PROTOTYPES = YES;
				CLANG_WARN_SUSPICIOUS_MOVE = YES;
				CLANG_WARN_UNGUARDED_AVAILABILITY = YES_AGGRESSIVE;
				CLANG_WARN_UNREACHABLE_CODE = YES;
				CLANG_WARN__DUPLICATE_METHOD_MATCH = YES;
				COPY_PHASE_STRIP = NO;
				DEBUG_INFORMATION_FORMAT = "dwarf-with-dsym";
				ENABLE_NS_ASSERTIONS = NO;
				ENABLE_STRICT_OBJC_MSGSEND = YES;
				GCC_C_LANGUAGE_STANDARD = gnu11;
				GCC_NO_COMMON_BLOCKS = YES;
				GCC_WARN_64_TO_32_BIT_CONVERSION = YES;
				GCC_WARN_ABOUT_RETURN_TYPE = YES_ERROR;
				GCC_WARN_UNDECLARED_SELECTOR = YES;
				GCC_WARN_UNINITIALIZED_AUTOS = YES_AGGRESSIVE;
				GCC_WARN_UNUSED_FUNCTION = YES;
				GCC_WARN_UNUSED_VARIABLE = YES;
				MTL_ENABLE_DEBUG_INFO = NO;
				MTL_FAST_MATH = YES;
				SWIFT_COMPILATION_MODE = wholemodule;
				SWIFT_OPTIMIZATION_LEVEL = "-O";
			};
			name = Release;
		};
		0718A1E7285F247F00C9051D /* Debug */ = {
			isa = XCBuildConfiguration;
			baseConfigurationReference = 554C0ACBC87D999203E44D7F /* Pods-Randomize Your Life (iOS).debug.xcconfig */;
			buildSettings = {
				ASSETCATALOG_COMPILER_APPICON_NAME = AppIcon;
				ASSETCATALOG_COMPILER_GLOBAL_ACCENT_COLOR_NAME = AccentColor;
				CODE_SIGN_STYLE = Automatic;
				CURRENT_PROJECT_VERSION = 1;
				DEVELOPMENT_TEAM = X6TD9AGF7G;
				ENABLE_PREVIEWS = YES;
				GENERATE_INFOPLIST_FILE = YES;
				INFOPLIST_FILE = "Randomize-Your-Life--iOS--Info.plist";
				INFOPLIST_KEY_CFBundleDisplayName = Random;
				INFOPLIST_KEY_NSLocationWhenInUseUsageDescription = "We need to access your location to start out.";
				INFOPLIST_KEY_UIApplicationSceneManifest_Generation = YES;
				INFOPLIST_KEY_UIApplicationSupportsIndirectInputEvents = YES;
				INFOPLIST_KEY_UILaunchScreen_Generation = YES;
				INFOPLIST_KEY_UISupportedInterfaceOrientations = UIInterfaceOrientationPortrait;
				INFOPLIST_KEY_UISupportedInterfaceOrientations_iPad = "UIInterfaceOrientationPortrait UIInterfaceOrientationPortraitUpsideDown UIInterfaceOrientationLandscapeLeft UIInterfaceOrientationLandscapeRight";
				INFOPLIST_KEY_UISupportedInterfaceOrientations_iPhone = "UIInterfaceOrientationPortrait UIInterfaceOrientationLandscapeLeft UIInterfaceOrientationLandscapeRight";
				IPHONEOS_DEPLOYMENT_TARGET = 15.5;
				LD_RUNPATH_SEARCH_PATHS = (
					"$(inherited)",
					"@executable_path/Frameworks",
				);
				MARKETING_VERSION = 1.0;
				PRODUCT_BUNDLE_IDENTIFIER = "xyz.umgefahren.Randomize-Your-Life";
				PRODUCT_NAME = "Randomize Your Life";
				SDKROOT = iphoneos;
				SWIFT_EMIT_LOC_STRINGS = YES;
				SWIFT_VERSION = 5.0;
				TARGETED_DEVICE_FAMILY = "1,2";
			};
			name = Debug;
		};
		0718A1E8285F247F00C9051D /* Release */ = {
			isa = XCBuildConfiguration;
			baseConfigurationReference = 7B699D55025C7705CAA41350 /* Pods-Randomize Your Life (iOS).release.xcconfig */;
			buildSettings = {
				ASSETCATALOG_COMPILER_APPICON_NAME = AppIcon;
				ASSETCATALOG_COMPILER_GLOBAL_ACCENT_COLOR_NAME = AccentColor;
				CODE_SIGN_STYLE = Automatic;
				CURRENT_PROJECT_VERSION = 1;
				DEVELOPMENT_TEAM = X6TD9AGF7G;
				ENABLE_PREVIEWS = YES;
				GENERATE_INFOPLIST_FILE = YES;
				INFOPLIST_FILE = "Randomize-Your-Life--iOS--Info.plist";
				INFOPLIST_KEY_CFBundleDisplayName = Random;
				INFOPLIST_KEY_NSLocationWhenInUseUsageDescription = "We need to access your location to start out.";
				INFOPLIST_KEY_UIApplicationSceneManifest_Generation = YES;
				INFOPLIST_KEY_UIApplicationSupportsIndirectInputEvents = YES;
				INFOPLIST_KEY_UILaunchScreen_Generation = YES;
				INFOPLIST_KEY_UISupportedInterfaceOrientations = UIInterfaceOrientationPortrait;
				INFOPLIST_KEY_UISupportedInterfaceOrientations_iPad = "UIInterfaceOrientationPortrait UIInterfaceOrientationPortraitUpsideDown UIInterfaceOrientationLandscapeLeft UIInterfaceOrientationLandscapeRight";
				INFOPLIST_KEY_UISupportedInterfaceOrientations_iPhone = "UIInterfaceOrientationPortrait UIInterfaceOrientationLandscapeLeft UIInterfaceOrientationLandscapeRight";
				IPHONEOS_DEPLOYMENT_TARGET = 15.5;
				LD_RUNPATH_SEARCH_PATHS = (
					"$(inherited)",
					"@executable_path/Frameworks",
				);
				MARKETING_VERSION = 1.0;
				PRODUCT_BUNDLE_IDENTIFIER = "xyz.umgefahren.Randomize-Your-Life";
				PRODUCT_NAME = "Randomize Your Life";
				SDKROOT = iphoneos;
				SWIFT_EMIT_LOC_STRINGS = YES;
				SWIFT_VERSION = 5.0;
				TARGETED_DEVICE_FAMILY = "1,2";
				VALIDATE_PRODUCT = YES;
			};
			name = Release;
		};
		0718A1EA285F247F00C9051D /* Debug */ = {
			isa = XCBuildConfiguration;
			baseConfigurationReference = 5FEE07117831962F567AFF63 /* Pods-Randomize Your Life (macOS).debug.xcconfig */;
			buildSettings = {
				ASSETCATALOG_COMPILER_APPICON_NAME = AppIcon;
				ASSETCATALOG_COMPILER_GLOBAL_ACCENT_COLOR_NAME = AccentColor;
				CODE_SIGN_ENTITLEMENTS = macOS/macOS.entitlements;
				CODE_SIGN_STYLE = Automatic;
				COMBINE_HIDPI_IMAGES = YES;
				CURRENT_PROJECT_VERSION = 1;
				ENABLE_PREVIEWS = YES;
				GENERATE_INFOPLIST_FILE = YES;
				INFOPLIST_KEY_LSApplicationCategoryType = "public.app-category.lifestyle";
				INFOPLIST_KEY_NSHumanReadableCopyright = "";
				LD_RUNPATH_SEARCH_PATHS = (
					"$(inherited)",
					"@executable_path/../Frameworks",
				);
				MACOSX_DEPLOYMENT_TARGET = 12.3;
				MARKETING_VERSION = 1.0;
				PRODUCT_BUNDLE_IDENTIFIER = "xyz.umgefahren.Randomize-Your-Life";
				PRODUCT_NAME = "Randomize Your Life";
				SDKROOT = macosx;
				SWIFT_EMIT_LOC_STRINGS = YES;
				SWIFT_VERSION = 5.0;
			};
			name = Debug;
		};
		0718A1EB285F247F00C9051D /* Release */ = {
			isa = XCBuildConfiguration;
			baseConfigurationReference = 9CC86944746BE3B6A7CCC134 /* Pods-Randomize Your Life (macOS).release.xcconfig */;
			buildSettings = {
				ASSETCATALOG_COMPILER_APPICON_NAME = AppIcon;
				ASSETCATALOG_COMPILER_GLOBAL_ACCENT_COLOR_NAME = AccentColor;
				CODE_SIGN_ENTITLEMENTS = macOS/macOS.entitlements;
				CODE_SIGN_STYLE = Automatic;
				COMBINE_HIDPI_IMAGES = YES;
				CURRENT_PROJECT_VERSION = 1;
				ENABLE_PREVIEWS = YES;
				GENERATE_INFOPLIST_FILE = YES;
				INFOPLIST_KEY_LSApplicationCategoryType = "public.app-category.lifestyle";
				INFOPLIST_KEY_NSHumanReadableCopyright = "";
				LD_RUNPATH_SEARCH_PATHS = (
					"$(inherited)",
					"@executable_path/../Frameworks",
				);
				MACOSX_DEPLOYMENT_TARGET = 12.3;
				MARKETING_VERSION = 1.0;
				PRODUCT_BUNDLE_IDENTIFIER = "xyz.umgefahren.Randomize-Your-Life";
				PRODUCT_NAME = "Randomize Your Life";
				SDKROOT = macosx;
				SWIFT_EMIT_LOC_STRINGS = YES;
				SWIFT_VERSION = 5.0;
			};
			name = Release;
		};
/* End XCBuildConfiguration section */

/* Begin XCConfigurationList section */
		0718A1CC285F247A00C9051D /* Build configuration list for PBXProject "Randomize Your Life" */ = {
			isa = XCConfigurationList;
			buildConfigurations = (
				0718A1E4285F247F00C9051D /* Debug */,
				0718A1E5285F247F00C9051D /* Release */,
			);
			defaultConfigurationIsVisible = 0;
			defaultConfigurationName = Release;
		};
		0718A1E6285F247F00C9051D /* Build configuration list for PBXNativeTarget "Randomize Your Life (iOS)" */ = {
			isa = XCConfigurationList;
			buildConfigurations = (
				0718A1E7285F247F00C9051D /* Debug */,
				0718A1E8285F247F00C9051D /* Release */,
			);
			defaultConfigurationIsVisible = 0;
			defaultConfigurationName = Release;
		};
		0718A1E9285F247F00C9051D /* Build configuration list for PBXNativeTarget "Randomize Your Life (macOS)" */ = {
			isa = XCConfigurationList;
			buildConfigurations = (
				0718A1EA285F247F00C9051D /* Debug */,
				0718A1EB285F247F00C9051D /* Release */,
			);
			defaultConfigurationIsVisible = 0;
			defaultConfigurationName = Release;
		};
/* End XCConfigurationList section */
	};
	rootObject = 0718A1C9285F247A00C9051D /* Project object */;
}
